// !$*UTF8*$!
{
	archiveVersion = 1;
	classes = {
	};
	objectVersion = 46;
	objects = {

/* Begin PBXBuildFile section */
		1A1275D21F0B47C9001CF236 /* AppDelegate.swift in Sources */ = {isa = PBXBuildFile; fileRef = 1A1275D11F0B47C9001CF236 /* AppDelegate.swift */; };
		1A1275D41F0B47C9001CF236 /* ViewController.swift in Sources */ = {isa = PBXBuildFile; fileRef = 1A1275D31F0B47C9001CF236 /* ViewController.swift */; };
		1A1275D71F0B47C9001CF236 /* Main.storyboard in Resources */ = {isa = PBXBuildFile; fileRef = 1A1275D51F0B47C9001CF236 /* Main.storyboard */; };
		1A1275D91F0B47C9001CF236 /* Assets.xcassets in Resources */ = {isa = PBXBuildFile; fileRef = 1A1275D81F0B47C9001CF236 /* Assets.xcassets */; };
		1A1275DC1F0B47C9001CF236 /* LaunchScreen.storyboard in Resources */ = {isa = PBXBuildFile; fileRef = 1A1275DA1F0B47C9001CF236 /* LaunchScreen.storyboard */; };
		1A1275E41F0B4BC2001CF236 /* tweet.json in Resources */ = {isa = PBXBuildFile; fileRef = 1A1275E31F0B4BC2001CF236 /* tweet.json */; };
		1A1275E61F0B4CC9001CF236 /* User.swift in Sources */ = {isa = PBXBuildFile; fileRef = 1A1275E51F0B4CC9001CF236 /* User.swift */; };
		1A1275E81F0B4D9E001CF236 /* Tweet.swift in Sources */ = {isa = PBXBuildFile; fileRef = 1A1275E71F0B4D9E001CF236 /* Tweet.swift */; };
		1A1275EA1F0F285F001CF236 /* JSONParser.swift in Sources */ = {isa = PBXBuildFile; fileRef = 1A1275E91F0F285F001CF236 /* JSONParser.swift */; };
		1A27BEC31F1F004D0047B4ED /* TweetCell.swift in Sources */ = {isa = PBXBuildFile; fileRef = 1A27BEC21F1F004D0047B4ED /* TweetCell.swift */; };
		1A27BEC51F1F14BA0047B4ED /* DetailViewController.swift in Sources */ = {isa = PBXBuildFile; fileRef = 1A27BEC41F1F14BA0047B4ED /* DetailViewController.swift */; };
		1A6D09E31F15C70D007F9CE4 /* API.swift in Sources */ = {isa = PBXBuildFile; fileRef = 1A6D09E21F15C70D007F9CE4 /* API.swift */; };
		1AFC55A11F23D05B0071E7F9 /* TweetCell.xib in Resources */ = {isa = PBXBuildFile; fileRef = 1AFC55A01F23D05B0071E7F9 /* TweetCell.xib */; };
		1AFC55A31F23D3290071E7F9 /* UIExtensions.swift in Sources */ = {isa = PBXBuildFile; fileRef = 1AFC55A21F23D3290071E7F9 /* UIExtensions.swift */; };
/* End PBXBuildFile section */

/* Begin PBXFileReference section */
		1A1275CE1F0B47C9001CF236 /* TwitterClient.app */ = {isa = PBXFileReference; explicitFileType = wrapper.application; includeInIndex = 0; path = TwitterClient.app; sourceTree = BUILT_PRODUCTS_DIR; };
		1A1275D11F0B47C9001CF236 /* AppDelegate.swift */ = {isa = PBXFileReference; lastKnownFileType = sourcecode.swift; path = AppDelegate.swift; sourceTree = "<group>"; };
		1A1275D31F0B47C9001CF236 /* ViewController.swift */ = {isa = PBXFileReference; lastKnownFileType = sourcecode.swift; path = ViewController.swift; sourceTree = "<group>"; };
		1A1275D61F0B47C9001CF236 /* Base */ = {isa = PBXFileReference; lastKnownFileType = file.storyboard; name = Base; path = Base.lproj/Main.storyboard; sourceTree = "<group>"; };
		1A1275D81F0B47C9001CF236 /* Assets.xcassets */ = {isa = PBXFileReference; lastKnownFileType = folder.assetcatalog; path = Assets.xcassets; sourceTree = "<group>"; };
		1A1275DB1F0B47C9001CF236 /* Base */ = {isa = PBXFileReference; lastKnownFileType = file.storyboard; name = Base; path = Base.lproj/LaunchScreen.storyboard; sourceTree = "<group>"; };
		1A1275DD1F0B47C9001CF236 /* Info.plist */ = {isa = PBXFileReference; lastKnownFileType = text.plist.xml; path = Info.plist; sourceTree = "<group>"; };
		1A1275E31F0B4BC2001CF236 /* tweet.json */ = {isa = PBXFileReference; fileEncoding = 4; lastKnownFileType = text.json; path = tweet.json; sourceTree = "<group>"; };
		1A1275E51F0B4CC9001CF236 /* User.swift */ = {isa = PBXFileReference; fileEncoding = 4; lastKnownFileType = sourcecode.swift; path = User.swift; sourceTree = "<group>"; };
		1A1275E71F0B4D9E001CF236 /* Tweet.swift */ = {isa = PBXFileReference; fileEncoding = 4; lastKnownFileType = sourcecode.swift; path = Tweet.swift; sourceTree = "<group>"; };
		1A1275E91F0F285F001CF236 /* JSONParser.swift */ = {isa = PBXFileReference; fileEncoding = 4; lastKnownFileType = sourcecode.swift; path = JSONParser.swift; sourceTree = "<group>"; };
		1A27BEC21F1F004D0047B4ED /* TweetCell.swift */ = {isa = PBXFileReference; fileEncoding = 4; lastKnownFileType = sourcecode.swift; path = TweetCell.swift; sourceTree = "<group>"; };
		1A27BEC41F1F14BA0047B4ED /* DetailViewController.swift */ = {isa = PBXFileReference; fileEncoding = 4; lastKnownFileType = sourcecode.swift; path = DetailViewController.swift; sourceTree = "<group>"; };
		1A6D09E21F15C70D007F9CE4 /* API.swift */ = {isa = PBXFileReference; fileEncoding = 4; lastKnownFileType = sourcecode.swift; path = API.swift; sourceTree = "<group>"; };
		1AFC55A01F23D05B0071E7F9 /* TweetCell.xib */ = {isa = PBXFileReference; fileEncoding = 4; lastKnownFileType = file.xib; path = TweetCell.xib; sourceTree = "<group>"; };
		1AFC55A21F23D3290071E7F9 /* UIExtensions.swift */ = {isa = PBXFileReference; fileEncoding = 4; lastKnownFileType = sourcecode.swift; path = UIExtensions.swift; sourceTree = "<group>"; };
/* End PBXFileReference section */

/* Begin PBXFrameworksBuildPhase section */
		1A1275CB1F0B47C9001CF236 /* Frameworks */ = {
			isa = PBXFrameworksBuildPhase;
			buildActionMask = 2147483647;
			files = (
			);
			runOnlyForDeploymentPostprocessing = 0;
		};
/* End PBXFrameworksBuildPhase section */

/* Begin PBXGroup section */
		1A1275C51F0B47C9001CF236 = {
			isa = PBXGroup;
			children = (
				1A1275D01F0B47C9001CF236 /* TwitterClient */,
				1A1275CF1F0B47C9001CF236 /* Products */,
			);
			sourceTree = "<group>";
		};
		1A1275CF1F0B47C9001CF236 /* Products */ = {
			isa = PBXGroup;
			children = (
				1A1275CE1F0B47C9001CF236 /* TwitterClient.app */,
			);
			name = Products;
			sourceTree = "<group>";
		};
		1A1275D01F0B47C9001CF236 /* TwitterClient */ = {
			isa = PBXGroup;
			children = (
				1A1275EB1F0F3A31001CF236 /* Model */,
				1A1275ED1F0F3A64001CF236 /* View */,
				1A1275EC1F0F3A50001CF236 /* Controllers */,
				1A1275EE1F0F3A9D001CF236 /* Supporting */,
			);
			path = TwitterClient;
			sourceTree = "<group>";
		};
		1A1275EB1F0F3A31001CF236 /* Model */ = {
			isa = PBXGroup;
			children = (
				1AFC55A21F23D3290071E7F9 /* UIExtensions.swift */,
				1A6D09E21F15C70D007F9CE4 /* API.swift */,
				1A1275E31F0B4BC2001CF236 /* tweet.json */,
				1A1275E51F0B4CC9001CF236 /* User.swift */,
				1A1275E71F0B4D9E001CF236 /* Tweet.swift */,
				1A1275E91F0F285F001CF236 /* JSONParser.swift */,
			);
			name = Model;
			sourceTree = "<group>";
		};
		1A1275EC1F0F3A50001CF236 /* Controllers */ = {
			isa = PBXGroup;
			children = (
				1A27BEC41F1F14BA0047B4ED /* DetailViewController.swift */,
				1A1275D31F0B47C9001CF236 /* ViewController.swift */,
			);
			name = Controllers;
			sourceTree = "<group>";
		};
		1A1275ED1F0F3A64001CF236 /* View */ = {
			isa = PBXGroup;
			children = (
				1A1275D51F0B47C9001CF236 /* Main.storyboard */,
				1A27BEC21F1F004D0047B4ED /* TweetCell.swift */,
				1AFC55A01F23D05B0071E7F9 /* TweetCell.xib */,
				1A1275DA1F0B47C9001CF236 /* LaunchScreen.storyboard */,
			);
			name = View;
			sourceTree = "<group>";
		};
		1A1275EE1F0F3A9D001CF236 /* Supporting */ = {
			isa = PBXGroup;
			children = (
				1A1275D11F0B47C9001CF236 /* AppDelegate.swift */,
				1A1275D81F0B47C9001CF236 /* Assets.xcassets */,
				1A1275DD1F0B47C9001CF236 /* Info.plist */,
			);
			name = Supporting;
			sourceTree = "<group>";
		};
/* End PBXGroup section */

/* Begin PBXNativeTarget section */
		1A1275CD1F0B47C9001CF236 /* TwitterClient */ = {
			isa = PBXNativeTarget;
			buildConfigurationList = 1A1275E01F0B47C9001CF236 /* Build configuration list for PBXNativeTarget "TwitterClient" */;
			buildPhases = (
				1A1275CA1F0B47C9001CF236 /* Sources */,
				1A1275CB1F0B47C9001CF236 /* Frameworks */,
				1A1275CC1F0B47C9001CF236 /* Resources */,
			);
			buildRules = (
			);
			dependencies = (
			);
			name = TwitterClient;
			productName = TwitterClient;
			productReference = 1A1275CE1F0B47C9001CF236 /* TwitterClient.app */;
			productType = "com.apple.product-type.application";
		};
/* End PBXNativeTarget section */

/* Begin PBXProject section */
		1A1275C61F0B47C9001CF236 /* Project object */ = {
			isa = PBXProject;
			attributes = {
				LastSwiftUpdateCheck = 0830;
				LastUpgradeCheck = 0830;
				ORGANIZATIONNAME = "Adam Wallraff";
				TargetAttributes = {
					1A1275CD1F0B47C9001CF236 = {
						CreatedOnToolsVersion = 8.3.2;
						DevelopmentTeam = CX2BVPPB63;
						ProvisioningStyle = Automatic;
					};
				};
			};
			buildConfigurationList = 1A1275C91F0B47C9001CF236 /* Build configuration list for PBXProject "TwitterClient" */;
			compatibilityVersion = "Xcode 3.2";
			developmentRegion = English;
			hasScannedForEncodings = 0;
			knownRegions = (
				en,
				Base,
			);
			mainGroup = 1A1275C51F0B47C9001CF236;
			productRefGroup = 1A1275CF1F0B47C9001CF236 /* Products */;
			projectDirPath = "";
			projectRoot = "";
			targets = (
				1A1275CD1F0B47C9001CF236 /* TwitterClient */,
			);
		};
/* End PBXProject section */

/* Begin PBXResourcesBuildPhase section */
		1A1275CC1F0B47C9001CF236 /* Resources */ = {
			isa = PBXResourcesBuildPhase;
			buildActionMask = 2147483647;
			files = (
				1A1275DC1F0B47C9001CF236 /* LaunchScreen.storyboard in Resources */,
				1AFC55A11F23D05B0071E7F9 /* TweetCell.xib in Resources */,
				1A1275D91F0B47C9001CF236 /* Assets.xcassets in Resources */,
				1A1275D71F0B47C9001CF236 /* Main.storyboard in Resources */,
				1A1275E41F0B4BC2001CF236 /* tweet.json in Resources */,
			);
			runOnlyForDeploymentPostprocessing = 0;
		};
/* End PBXResourcesBuildPhase section */

/* Begin PBXSourcesBuildPhase section */
		1A1275CA1F0B47C9001CF236 /* Sources */ = {
			isa = PBXSourcesBuildPhase;
			buildActionMask = 2147483647;
			files = (
				1A1275D41F0B47C9001CF236 /* ViewController.swift in Sources */,
				1A27BEC31F1F004D0047B4ED /* TweetCell.swift in Sources */,
				1A1275EA1F0F285F001CF236 /* JSONParser.swift in Sources */,
				1AFC55A31F23D3290071E7F9 /* UIExtensions.swift in Sources */,
				1A1275D21F0B47C9001CF236 /* AppDelegate.swift in Sources */,
				1A1275E61F0B4CC9001CF236 /* User.swift in Sources */,
				1A6D09E31F15C70D007F9CE4 /* API.swift in Sources */,
				1A1275E81F0B4D9E001CF236 /* Tweet.swift in Sources */,
				1A27BEC51F1F14BA0047B4ED /* DetailViewController.swift in Sources */,
			);
			runOnlyForDeploymentPostprocessing = 0;
		};
/* End PBXSourcesBuildPhase section */

/* Begin PBXVariantGroup section */
		1A1275D51F0B47C9001CF236 /* Main.storyboard */ = {
			isa = PBXVariantGroup;
			children = (
				1A1275D61F0B47C9001CF236 /* Base */,
			);
			name = Main.storyboard;
			sourceTree = "<group>";
		};
		1A1275DA1F0B47C9001CF236 /* LaunchScreen.storyboard */ = {
			isa = PBXVariantGroup;
			children = (
				1A1275DB1F0B47C9001CF236 /* Base */,
			);
			name = LaunchScreen.storyboard;
			sourceTree = "<group>";
		};
/* End PBXVariantGroup section */

/* Begin XCBuildConfiguration section */
		1A1275DE1F0B47C9001CF236 /* Debug */ = {
			isa = XCBuildConfiguration;
			buildSettings = {
				ALWAYS_SEARCH_USER_PATHS = NO;
				CLANG_ANALYZER_NONNULL = YES;
				CLANG_ANALYZER_NUMBER_OBJECT_CONVERSION = YES_AGGRESSIVE;
				CLANG_CXX_LANGUAGE_STANDARD = "gnu++0x";
				CLANG_CXX_LIBRARY = "libc++";
				CLANG_ENABLE_MODULES = YES;
				CLANG_ENABLE_OBJC_ARC = YES;
				CLANG_WARN_BOOL_CONVERSION = YES;
				CLANG_WARN_CONSTANT_CONVERSION = YES;
				CLANG_WARN_DIRECT_OBJC_ISA_USAGE = YES_ERROR;
				CLANG_WARN_DOCUMENTATION_COMMENTS = YES;
				CLANG_WARN_EMPTY_BODY = YES;
				CLANG_WARN_ENUM_CONVERSION = YES;
				CLANG_WARN_INFINITE_RECURSION = YES;
				CLANG_WARN_INT_CONVERSION = YES;
				CLANG_WARN_OBJC_ROOT_CLASS = YES_ERROR;
				CLANG_WARN_SUSPICIOUS_MOVE = YES;
				CLANG_WARN_UNREACHABLE_CODE = YES;
				CLANG_WARN__DUPLICATE_METHOD_MATCH = YES;
				"CODE_SIGN_IDENTITY[sdk=iphoneos*]" = "iPhone Developer";
				COPY_PHASE_STRIP = NO;
				DEBUG_INFORMATION_FORMAT = dwarf;
				ENABLE_STRICT_OBJC_MSGSEND = YES;
				ENABLE_TESTABILITY = YES;
				GCC_C_LANGUAGE_STANDARD = gnu99;
				GCC_DYNAMIC_NO_PIC = NO;
				GCC_NO_COMMON_BLOCKS = YES;
				GCC_OPTIMIZATION_LEVEL = 0;
				GCC_PREPROCESSOR_DEFINITIONS = (
					"DEBUG=1",
					"$(inherited)",
				);
				GCC_WARN_64_TO_32_BIT_CONVERSION = YES;
				GCC_WARN_ABOUT_RETURN_TYPE = YES_ERROR;
				GCC_WARN_UNDECLARED_SELECTOR = YES;
				GCC_WARN_UNINITIALIZED_AUTOS = YES_AGGRESSIVE;
				GCC_WARN_UNUSED_FUNCTION = YES;
				GCC_WARN_UNUSED_VARIABLE = YES;
				IPHONEOS_DEPLOYMENT_TARGET = 10.3;
				MTL_ENABLE_DEBUG_INFO = YES;
				ONLY_ACTIVE_ARCH = YES;
				SDKROOT = iphoneos;
				SWIFT_ACTIVE_COMPILATION_CONDITIONS = DEBUG;
				SWIFT_OPTIMIZATION_LEVEL = "-Onone";
				TARGETED_DEVICE_FAMILY = "1,2";
			};
			name = Debug;
		};
		1A1275DF1F0B47C9001CF236 /* Release */ = {
			isa = XCBuildConfiguration;
			buildSettings = {
				ALWAYS_SEARCH_USER_PATHS = NO;
				CLANG_ANALYZER_NONNULL = YES;
				CLANG_ANALYZER_NUMBER_OBJECT_CONVERSION = YES_AGGRESSIVE;
				CLANG_CXX_LANGUAGE_STANDARD = "gnu++0x";
				CLANG_CXX_LIBRARY = "libc++";
				CLANG_ENABLE_MODULES = YES;
				CLANG_ENABLE_OBJC_ARC = YES;
				CLANG_WARN_BOOL_CONVERSION = YES;
				CLANG_WARN_CONSTANT_CONVERSION = YES;
				CLANG_WARN_DIRECT_OBJC_ISA_USAGE = YES_ERROR;
				CLANG_WARN_DOCUMENTATION_COMMENTS = YES;
				CLANG_WARN_EMPTY_BODY = YES;
				CLANG_WARN_ENUM_CONVERSION = YES;
				CLANG_WARN_INFINITE_RECURSION = YES;
				CLANG_WARN_INT_CONVERSION = YES;
				CLANG_WARN_OBJC_ROOT_CLASS = YES_ERROR;
				CLANG_WARN_SUSPICIOUS_MOVE = YES;
				CLANG_WARN_UNREACHABLE_CODE = YES;
				CLANG_WARN__DUPLICATE_METHOD_MATCH = YES;
				"CODE_SIGN_IDENTITY[sdk=iphoneos*]" = "iPhone Developer";
				COPY_PHASE_STRIP = NO;
				DEBUG_INFORMATION_FORMAT = "dwarf-with-dsym";
				ENABLE_NS_ASSERTIONS = NO;
				ENABLE_STRICT_OBJC_MSGSEND = YES;
				GCC_C_LANGUAGE_STANDARD = gnu99;
				GCC_NO_COMMON_BLOCKS = YES;
				GCC_WARN_64_TO_32_BIT_CONVERSION = YES;
				GCC_WARN_ABOUT_RETURN_TYPE = YES_ERROR;
				GCC_WARN_UNDECLARED_SELECTOR = YES;
				GCC_WARN_UNINITIALIZED_AUTOS = YES_AGGRESSIVE;
				GCC_WARN_UNUSED_FUNCTION = YES;
				GCC_WARN_UNUSED_VARIABLE = YES;
				IPHONEOS_DEPLOYMENT_TARGET = 10.3;
				MTL_ENABLE_DEBUG_INFO = NO;
				SDKROOT = iphoneos;
				SWIFT_OPTIMIZATION_LEVEL = "-Owholemodule";
				TARGETED_DEVICE_FAMILY = "1,2";
				VALIDATE_PRODUCT = YES;
			};
			name = Release;
		};
		1A1275E11F0B47C9001CF236 /* Debug */ = {
			isa = XCBuildConfiguration;
			buildSettings = {
				ASSETCATALOG_COMPILER_APPICON_NAME = AppIcon;
				DEVELOPMENT_TEAM = CX2BVPPB63;
				INFOPLIST_FILE = TwitterClient/Info.plist;
				LD_RUNPATH_SEARCH_PATHS = "$(inherited) @executable_path/Frameworks";
				PRODUCT_BUNDLE_IDENTIFIER = com.adamwallraff.TwitterClient;
				PRODUCT_NAME = "$(TARGET_NAME)";
				SWIFT_VERSION = 3.0;
			};
			name = Debug;
		};
		1A1275E21F0B47C9001CF236 /* Release */ = {
			isa = XCBuildConfiguration;
			buildSettings = {
				ASSETCATALOG_COMPILER_APPICON_NAME = AppIcon;
				DEVELOPMENT_TEAM = CX2BVPPB63;
				INFOPLIST_FILE = TwitterClient/Info.plist;
				LD_RUNPATH_SEARCH_PATHS = "$(inherited) @executable_path/Frameworks";
				PRODUCT_BUNDLE_IDENTIFIER = com.adamwallraff.TwitterClient;
				PRODUCT_NAME = "$(TARGET_NAME)";
				SWIFT_VERSION = 3.0;
			};
			name = Release;
		};
/* End XCBuildConfiguration section */

/* Begin XCConfigurationList section */
		1A1275C91F0B47C9001CF236 /* Build configuration list for PBXProject "TwitterClient" */ = {
			isa = XCConfigurationList;
			buildConfigurations = (
				1A1275DE1F0B47C9001CF236 /* Debug */,
				1A1275DF1F0B47C9001CF236 /* Release */,
			);
			defaultConfigurationIsVisible = 0;
			defaultConfigurationName = Release;
		};
		1A1275E01F0B47C9001CF236 /* Build configuration list for PBXNativeTarget "TwitterClient" */ = {
			isa = XCConfigurationList;
			buildConfigurations = (
				1A1275E11F0B47C9001CF236 /* Debug */,
				1A1275E21F0B47C9001CF236 /* Release */,
			);
			defaultConfigurationIsVisible = 0;
			defaultConfigurationName = Release;
		};
/* End XCConfigurationList section */
	};
	rootObject = 1A1275C61F0B47C9001CF236 /* Project object */;
}
